// !$*UTF8*$!
{
	archiveVersion = 1;
	classes = {
	};
	objectVersion = 46;
	objects = {

/* Begin PBXBuildFile section */
		036A032E1AB0E0BC001C0468 /* AppDelegate.swift in Sources */ = {isa = PBXBuildFile; fileRef = 036A032D1AB0E0BC001C0468 /* AppDelegate.swift */; };
		036A03301AB0E0BC001C0468 /* ViewController.swift in Sources */ = {isa = PBXBuildFile; fileRef = 036A032F1AB0E0BC001C0468 /* ViewController.swift */; };
		036A03331AB0E0BC001C0468 /* Main.storyboard in Resources */ = {isa = PBXBuildFile; fileRef = 036A03311AB0E0BC001C0468 /* Main.storyboard */; };
		036A03351AB0E0BC001C0468 /* Images.xcassets in Resources */ = {isa = PBXBuildFile; fileRef = 036A03341AB0E0BC001C0468 /* Images.xcassets */; };
		036A03381AB0E0BC001C0468 /* LaunchScreen.xib in Resources */ = {isa = PBXBuildFile; fileRef = 036A03361AB0E0BC001C0468 /* LaunchScreen.xib */; };
		036A03441AB0E0BC001C0468 /* JSON_apiTests.swift in Sources */ = {isa = PBXBuildFile; fileRef = 036A03431AB0E0BC001C0468 /* JSON_apiTests.swift */; };
		036A034E1AB0E921001C0468 /* APIController.swift in Sources */ = {isa = PBXBuildFile; fileRef = 036A034D1AB0E921001C0468 /* APIController.swift */; };
		036A03501AB0F38E001C0468 /* Blank52.png in Resources */ = {isa = PBXBuildFile; fileRef = 036A034F1AB0F38E001C0468 /* Blank52.png */; };
		036A03521AB0F585001C0468 /* Album.swift in Sources */ = {isa = PBXBuildFile; fileRef = 036A03511AB0F585001C0468 /* Album.swift */; };
		036A03541AB0F81B001C0468 /* DetailsViewController.swift in Sources */ = {isa = PBXBuildFile; fileRef = 036A03531AB0F81B001C0468 /* DetailsViewController.swift */; };
		036A03561AB1204D001C0468 /* Track.swift in Sources */ = {isa = PBXBuildFile; fileRef = 036A03551AB1204D001C0468 /* Track.swift */; };
		036A03581AB122BF001C0468 /* TrackCell.swift in Sources */ = {isa = PBXBuildFile; fileRef = 036A03571AB122BF001C0468 /* TrackCell.swift */; };
		036A035A1AB1258E001C0468 /* play_alt-128.png in Resources */ = {isa = PBXBuildFile; fileRef = 036A03591AB1258E001C0468 /* play_alt-128.png */; };
/* End PBXBuildFile section */

/* Begin PBXContainerItemProxy section */
		036A033E1AB0E0BC001C0468 /* PBXContainerItemProxy */ = {
			isa = PBXContainerItemProxy;
			containerPortal = 036A03201AB0E0BC001C0468 /* Project object */;
			proxyType = 1;
			remoteGlobalIDString = 036A03271AB0E0BC001C0468;
			remoteInfo = JSON_api;
		};
/* End PBXContainerItemProxy section */

/* Begin PBXFileReference section */
		036A03281AB0E0BC001C0468 /* JSON_api.app */ = {isa = PBXFileReference; explicitFileType = wrapper.application; includeInIndex = 0; path = JSON_api.app; sourceTree = BUILT_PRODUCTS_DIR; };
		036A032C1AB0E0BC001C0468 /* Info.plist */ = {isa = PBXFileReference; lastKnownFileType = text.plist.xml; path = Info.plist; sourceTree = "<group>"; };
		036A032D1AB0E0BC001C0468 /* AppDelegate.swift */ = {isa = PBXFileReference; lastKnownFileType = sourcecode.swift; path = AppDelegate.swift; sourceTree = "<group>"; };
		036A032F1AB0E0BC001C0468 /* ViewController.swift */ = {isa = PBXFileReference; lastKnownFileType = sourcecode.swift; path = ViewController.swift; sourceTree = "<group>"; };
		036A03321AB0E0BC001C0468 /* Base */ = {isa = PBXFileReference; lastKnownFileType = file.storyboard; name = Base; path = Base.lproj/Main.storyboard; sourceTree = "<group>"; };
		036A03341AB0E0BC001C0468 /* Images.xcassets */ = {isa = PBXFileReference; lastKnownFileType = folder.assetcatalog; path = Images.xcassets; sourceTree = "<group>"; };
		036A03371AB0E0BC001C0468 /* Base */ = {isa = PBXFileReference; lastKnownFileType = file.xib; name = Base; path = Base.lproj/LaunchScreen.xib; sourceTree = "<group>"; };
		036A033D1AB0E0BC001C0468 /* JSON_apiTests.xctest */ = {isa = PBXFileReference; explicitFileType = wrapper.cfbundle; includeInIndex = 0; path = JSON_apiTests.xctest; sourceTree = BUILT_PRODUCTS_DIR; };
		036A03421AB0E0BC001C0468 /* Info.plist */ = {isa = PBXFileReference; lastKnownFileType = text.plist.xml; path = Info.plist; sourceTree = "<group>"; };
		036A03431AB0E0BC001C0468 /* JSON_apiTests.swift */ = {isa = PBXFileReference; lastKnownFileType = sourcecode.swift; path = JSON_apiTests.swift; sourceTree = "<group>"; };
		036A034D1AB0E921001C0468 /* APIController.swift */ = {isa = PBXFileReference; fileEncoding = 4; lastKnownFileType = sourcecode.swift; path = APIController.swift; sourceTree = "<group>"; };
		036A034F1AB0F38E001C0468 /* Blank52.png */ = {isa = PBXFileReference; lastKnownFileType = image.png; path = Blank52.png; sourceTree = "<group>"; };
		036A03511AB0F585001C0468 /* Album.swift */ = {isa = PBXFileReference; fileEncoding = 4; lastKnownFileType = sourcecode.swift; path = Album.swift; sourceTree = "<group>"; };
		036A03531AB0F81B001C0468 /* DetailsViewController.swift */ = {isa = PBXFileReference; fileEncoding = 4; lastKnownFileType = sourcecode.swift; path = DetailsViewController.swift; sourceTree = "<group>"; };
		036A03551AB1204D001C0468 /* Track.swift */ = {isa = PBXFileReference; fileEncoding = 4; lastKnownFileType = sourcecode.swift; path = Track.swift; sourceTree = "<group>"; };
		036A03571AB122BF001C0468 /* TrackCell.swift */ = {isa = PBXFileReference; fileEncoding = 4; lastKnownFileType = sourcecode.swift; path = TrackCell.swift; sourceTree = "<group>"; };
		036A03591AB1258E001C0468 /* play_alt-128.png */ = {isa = PBXFileReference; lastKnownFileType = image.png; path = "play_alt-128.png"; sourceTree = "<group>"; };
/* End PBXFileReference section */

/* Begin PBXFrameworksBuildPhase section */
		036A03251AB0E0BC001C0468 /* Frameworks */ = {
			isa = PBXFrameworksBuildPhase;
			buildActionMask = 2147483647;
			files = (
			);
			runOnlyForDeploymentPostprocessing = 0;
		};
		036A033A1AB0E0BC001C0468 /* Frameworks */ = {
			isa = PBXFrameworksBuildPhase;
			buildActionMask = 2147483647;
			files = (
			);
			runOnlyForDeploymentPostprocessing = 0;
		};
/* End PBXFrameworksBuildPhase section */

/* Begin PBXGroup section */
		036A031F1AB0E0BC001C0468 = {
			isa = PBXGroup;
			children = (
				036A032A1AB0E0BC001C0468 /* JSON_api */,
				036A03401AB0E0BC001C0468 /* JSON_apiTests */,
				036A03291AB0E0BC001C0468 /* Products */,
			);
			sourceTree = "<group>";
		};
		036A03291AB0E0BC001C0468 /* Products */ = {
			isa = PBXGroup;
			children = (
				036A03281AB0E0BC001C0468 /* JSON_api.app */,
				036A033D1AB0E0BC001C0468 /* JSON_apiTests.xctest */,
			);
			name = Products;
			sourceTree = "<group>";
		};
		036A032A1AB0E0BC001C0468 /* JSON_api */ = {
			isa = PBXGroup;
			children = (
				036A032D1AB0E0BC001C0468 /* AppDelegate.swift */,
				036A03591AB1258E001C0468 /* play_alt-128.png */,
				036A034F1AB0F38E001C0468 /* Blank52.png */,
				036A032F1AB0E0BC001C0468 /* ViewController.swift */,
				036A034D1AB0E921001C0468 /* APIController.swift */,
				036A03511AB0F585001C0468 /* Album.swift */,
				036A03531AB0F81B001C0468 /* DetailsViewController.swift */,
				036A03551AB1204D001C0468 /* Track.swift */,
				036A03311AB0E0BC001C0468 /* Main.storyboard */,
				036A03571AB122BF001C0468 /* TrackCell.swift */,
				036A03341AB0E0BC001C0468 /* Images.xcassets */,
				036A03361AB0E0BC001C0468 /* LaunchScreen.xib */,
				036A032B1AB0E0BC001C0468 /* Supporting Files */,
			);
			path = JSON_api;
			sourceTree = "<group>";
		};
		036A032B1AB0E0BC001C0468 /* Supporting Files */ = {
			isa = PBXGroup;
			children = (
				036A032C1AB0E0BC001C0468 /* Info.plist */,
			);
			name = "Supporting Files";
			sourceTree = "<group>";
		};
		036A03401AB0E0BC001C0468 /* JSON_apiTests */ = {
			isa = PBXGroup;
			children = (
				036A03431AB0E0BC001C0468 /* JSON_apiTests.swift */,
				036A03411AB0E0BC001C0468 /* Supporting Files */,
			);
			path = JSON_apiTests;
			sourceTree = "<group>";
		};
		036A03411AB0E0BC001C0468 /* Supporting Files */ = {
			isa = PBXGroup;
			children = (
				036A03421AB0E0BC001C0468 /* Info.plist */,
			);
			name = "Supporting Files";
			sourceTree = "<group>";
		};
/* End PBXGroup section */

/* Begin PBXNativeTarget section */
		036A03271AB0E0BC001C0468 /* JSON_api */ = {
			isa = PBXNativeTarget;
			buildConfigurationList = 036A03471AB0E0BC001C0468 /* Build configuration list for PBXNativeTarget "JSON_api" */;
			buildPhases = (
				036A03241AB0E0BC001C0468 /* Sources */,
				036A03251AB0E0BC001C0468 /* Frameworks */,
				036A03261AB0E0BC001C0468 /* Resources */,
			);
			buildRules = (
			);
			dependencies = (
			);
			name = JSON_api;
			productName = JSON_api;
			productReference = 036A03281AB0E0BC001C0468 /* JSON_api.app */;
			productType = "com.apple.product-type.application";
		};
		036A033C1AB0E0BC001C0468 /* JSON_apiTests */ = {
			isa = PBXNativeTarget;
			buildConfigurationList = 036A034A1AB0E0BC001C0468 /* Build configuration list for PBXNativeTarget "JSON_apiTests" */;
			buildPhases = (
				036A03391AB0E0BC001C0468 /* Sources */,
				036A033A1AB0E0BC001C0468 /* Frameworks */,
				036A033B1AB0E0BC001C0468 /* Resources */,
			);
			buildRules = (
			);
			dependencies = (
				036A033F1AB0E0BC001C0468 /* PBXTargetDependency */,
			);
			name = JSON_apiTests;
			productName = JSON_apiTests;
			productReference = 036A033D1AB0E0BC001C0468 /* JSON_apiTests.xctest */;
			productType = "com.apple.product-type.bundle.unit-test";
		};
/* End PBXNativeTarget section */

/* Begin PBXProject section */
		036A03201AB0E0BC001C0468 /* Project object */ = {
			isa = PBXProject;
			attributes = {
				LastUpgradeCheck = 0610;
				ORGANIZATIONNAME = Sachin;
				TargetAttributes = {
					036A03271AB0E0BC001C0468 = {
						CreatedOnToolsVersion = 6.1.1;
					};
					036A033C1AB0E0BC001C0468 = {
						CreatedOnToolsVersion = 6.1.1;
						TestTargetID = 036A03271AB0E0BC001C0468;
					};
				};
			};
			buildConfigurationList = 036A03231AB0E0BC001C0468 /* Build configuration list for PBXProject "JSON_api" */;
			compatibilityVersion = "Xcode 3.2";
			developmentRegion = English;
			hasScannedForEncodings = 0;
			knownRegions = (
				en,
				Base,
			);
			mainGroup = 036A031F1AB0E0BC001C0468;
			productRefGroup = 036A03291AB0E0BC001C0468 /* Products */;
			projectDirPath = "";
			projectRoot = "";
			targets = (
				036A03271AB0E0BC001C0468 /* JSON_api */,
				036A033C1AB0E0BC001C0468 /* JSON_apiTests */,
			);
		};
/* End PBXProject section */

/* Begin PBXResourcesBuildPhase section */
		036A03261AB0E0BC001C0468 /* Resources */ = {
			isa = PBXResourcesBuildPhase;
			buildActionMask = 2147483647;
			files = (
				036A03331AB0E0BC001C0468 /* Main.storyboard in Resources */,
				036A03501AB0F38E001C0468 /* Blank52.png in Resources */,
				036A03381AB0E0BC001C0468 /* LaunchScreen.xib in Resources */,
				036A035A1AB1258E001C0468 /* play_alt-128.png in Resources */,
				036A03351AB0E0BC001C0468 /* Images.xcassets in Resources */,
			);
			runOnlyForDeploymentPostprocessing = 0;
		};
		036A033B1AB0E0BC001C0468 /* Resources */ = {
			isa = PBXResourcesBuildPhase;
			buildActionMask = 2147483647;
			files = (
			);
			runOnlyForDeploymentPostprocessing = 0;
		};
/* End PBXResourcesBuildPhase section */

/* Begin PBXSourcesBuildPhase section */
		036A03241AB0E0BC001C0468 /* Sources */ = {
			isa = PBXSourcesBuildPhase;
			buildActionMask = 2147483647;
			files = (
				036A03581AB122BF001C0468 /* TrackCell.swift in Sources */,
				036A03301AB0E0BC001C0468 /* ViewController.swift in Sources */,
				036A032E1AB0E0BC001C0468 /* AppDelegate.swift in Sources */,
				036A034E1AB0E921001C0468 /* APIController.swift in Sources */,
				036A03521AB0F585001C0468 /* Album.swift in Sources */,
				036A03541AB0F81B001C0468 /* DetailsViewController.swift in Sources */,
				036A03561AB1204D001C0468 /* Track.swift in Sources */,
			);
			runOnlyForDeploymentPostprocessing = 0;
		};
		036A03391AB0E0BC001C0468 /* Sources */ = {
			isa = PBXSourcesBuildPhase;
			buildActionMask = 2147483647;
			files = (
				036A03441AB0E0BC001C0468 /* JSON_apiTests.swift in Sources */,
			);
			runOnlyForDeploymentPostprocessing = 0;
		};
/* End PBXSourcesBuildPhase section */

/* Begin PBXTargetDependency section */
		036A033F1AB0E0BC001C0468 /* PBXTargetDependency */ = {
			isa = PBXTargetDependency;
			target = 036A03271AB0E0BC001C0468 /* JSON_api */;
			targetProxy = 036A033E1AB0E0BC001C0468 /* PBXContainerItemProxy */;
		};
/* End PBXTargetDependency section */

/* Begin PBXVariantGroup section */
		036A03311AB0E0BC001C0468 /* Main.storyboard */ = {
			isa = PBXVariantGroup;
			children = (
				036A03321AB0E0BC001C0468 /* Base */,
			);
			name = Main.storyboard;
			sourceTree = "<group>";
		};
		036A03361AB0E0BC001C0468 /* LaunchScreen.xib */ = {
			isa = PBXVariantGroup;
			children = (
				036A03371AB0E0BC001C0468 /* Base */,
			);
			name = LaunchScreen.xib;
			sourceTree = "<group>";
		};
/* End PBXVariantGroup section */

/* Begin XCBuildConfiguration section */
		036A03451AB0E0BC001C0468 /* Debug */ = {
			isa = XCBuildConfiguration;
			buildSettings = {
				ALWAYS_SEARCH_USER_PATHS = NO;
				CLANG_CXX_LANGUAGE_STANDARD = "gnu++0x";
				CLANG_CXX_LIBRARY = "libc++";
				CLANG_ENABLE_MODULES = YES;
				CLANG_ENABLE_OBJC_ARC = YES;
				CLANG_WARN_BOOL_CONVERSION = YES;
				CLANG_WARN_CONSTANT_CONVERSION = YES;
				CLANG_WARN_DIRECT_OBJC_ISA_USAGE = YES_ERROR;
				CLANG_WARN_EMPTY_BODY = YES;
				CLANG_WARN_ENUM_CONVERSION = YES;
				CLANG_WARN_INT_CONVERSION = YES;
				CLANG_WARN_OBJC_ROOT_CLASS = YES_ERROR;
				CLANG_WARN_UNREACHABLE_CODE = YES;
				CLANG_WARN__DUPLICATE_METHOD_MATCH = YES;
				"CODE_SIGN_IDENTITY[sdk=iphoneos*]" = "iPhone Developer";
				COPY_PHASE_STRIP = NO;
				ENABLE_STRICT_OBJC_MSGSEND = YES;
				GCC_C_LANGUAGE_STANDARD = gnu99;
				GCC_DYNAMIC_NO_PIC = NO;
				GCC_OPTIMIZATION_LEVEL = 0;
				GCC_PREPROCESSOR_DEFINITIONS = (
					"DEBUG=1",
					"$(inherited)",
				);
				GCC_SYMBOLS_PRIVATE_EXTERN = NO;
				GCC_WARN_64_TO_32_BIT_CONVERSION = YES;
				GCC_WARN_ABOUT_RETURN_TYPE = YES_ERROR;
				GCC_WARN_UNDECLARED_SELECTOR = YES;
				GCC_WARN_UNINITIALIZED_AUTOS = YES_AGGRESSIVE;
				GCC_WARN_UNUSED_FUNCTION = YES;
				GCC_WARN_UNUSED_VARIABLE = YES;
				IPHONEOS_DEPLOYMENT_TARGET = 8.1;
				MTL_ENABLE_DEBUG_INFO = YES;
				ONLY_ACTIVE_ARCH = YES;
				SDKROOT = iphoneos;
				SWIFT_OPTIMIZATION_LEVEL = "-Onone";
				TARGETED_DEVICE_FAMILY = "1,2";
			};
			name = Debug;
		};
		036A03461AB0E0BC001C0468 /* Release */ = {
			isa = XCBuildConfiguration;
			buildSettings = {
				ALWAYS_SEARCH_USER_PATHS = NO;
				CLANG_CXX_LANGUAGE_STANDARD = "gnu++0x";
				CLANG_CXX_LIBRARY = "libc++";
				CLANG_ENABLE_MODULES = YES;
				CLANG_ENABLE_OBJC_ARC = YES;
				CLANG_WARN_BOOL_CONVERSION = YES;
				CLANG_WARN_CONSTANT_CONVERSION = YES;
				CLANG_WARN_DIRECT_OBJC_ISA_USAGE = YES_ERROR;
				CLANG_WARN_EMPTY_BODY = YES;
				CLANG_WARN_ENUM_CONVERSION = YES;
				CLANG_WARN_INT_CONVERSION = YES;
				CLANG_WARN_OBJC_ROOT_CLASS = YES_ERROR;
				CLANG_WARN_UNREACHABLE_CODE = YES;
				CLANG_WARN__DUPLICATE_METHOD_MATCH = YES;
				"CODE_SIGN_IDENTITY[sdk=iphoneos*]" = "iPhone Developer";
				COPY_PHASE_STRIP = YES;
				ENABLE_NS_ASSERTIONS = NO;
				ENABLE_STRICT_OBJC_MSGSEND = YES;
				GCC_C_LANGUAGE_STANDARD = gnu99;
				GCC_WARN_64_TO_32_BIT_CONVERSION = YES;
				GCC_WARN_ABOUT_RETURN_TYPE = YES_ERROR;
				GCC_WARN_UNDECLARED_SELECTOR = YES;
				GCC_WARN_UNINITIALIZED_AUTOS = YES_AGGRESSIVE;
				GCC_WARN_UNUSED_FUNCTION = YES;
				GCC_WARN_UNUSED_VARIABLE = YES;
				IPHONEOS_DEPLOYMENT_TARGET = 8.1;
				MTL_ENABLE_DEBUG_INFO = NO;
				SDKROOT = iphoneos;
				TARGETED_DEVICE_FAMILY = "1,2";
				VALIDATE_PRODUCT = YES;
			};
			name = Release;
		};
		036A03481AB0E0BC001C0468 /* Debug */ = {
			isa = XCBuildConfiguration;
			buildSettings = {
				ASSETCATALOG_COMPILER_APPICON_NAME = AppIcon;
				INFOPLIST_FILE = JSON_api/Info.plist;
				LD_RUNPATH_SEARCH_PATHS = "$(inherited) @executable_path/Frameworks";
				PRODUCT_NAME = "$(TARGET_NAME)";
			};
			name = Debug;
		};
		036A03491AB0E0BC001C0468 /* Release */ = {
			isa = XCBuildConfiguration;
			buildSettings = {
				ASSETCATALOG_COMPILER_APPICON_NAME = AppIcon;
				INFOPLIST_FILE = JSON_api/Info.plist;
				LD_RUNPATH_SEARCH_PATHS = "$(inherited) @executable_path/Frameworks";
				PRODUCT_NAME = "$(TARGET_NAME)";
			};
			name = Release;
		};
		036A034B1AB0E0BC001C0468 /* Debug */ = {
			isa = XCBuildConfiguration;
			buildSettings = {
				BUNDLE_LOADER = "$(TEST_HOST)";
				FRAMEWORK_SEARCH_PATHS = (
					"$(SDKROOT)/Developer/Library/Frameworks",
					"$(inherited)",
				);
				GCC_PREPROCESSOR_DEFINITIONS = (
					"DEBUG=1",
					"$(inherited)",
				);
				INFOPLIST_FILE = JSON_apiTests/Info.plist;
				LD_RUNPATH_SEARCH_PATHS = "$(inherited) @executable_path/Frameworks @loader_path/Frameworks";
				PRODUCT_NAME = "$(TARGET_NAME)";
				TEST_HOST = "$(BUILT_PRODUCTS_DIR)/JSON_api.app/JSON_api";
			};
			name = Debug;
		};
		036A034C1AB0E0BC001C0468 /* Release */ = {
			isa = XCBuildConfiguration;
			buildSettings = {
				BUNDLE_LOADER = "$(TEST_HOST)";
				FRAMEWORK_SEARCH_PATHS = (
					"$(SDKROOT)/Developer/Library/Frameworks",
					"$(inherited)",
				);
				INFOPLIST_FILE = JSON_apiTests/Info.plist;
				LD_RUNPATH_SEARCH_PATHS = "$(inherited) @executable_path/Frameworks @loader_path/Frameworks";
				PRODUCT_NAME = "$(TARGET_NAME)";
				TEST_HOST = "$(BUILT_PRODUCTS_DIR)/JSON_api.app/JSON_api";
			};
			name = Release;
		};
/* End XCBuildConfiguration section */

/* Begin XCConfigurationList section */
		036A03231AB0E0BC001C0468 /* Build configuration list for PBXProject "JSON_api" */ = {
			isa = XCConfigurationList;
			buildConfigurations = (
				036A03451AB0E0BC001C0468 /* Debug */,
				036A03461AB0E0BC001C0468 /* Release */,
			);
			defaultConfigurationIsVisible = 0;
			defaultConfigurationName = Release;
		};
		036A03471AB0E0BC001C0468 /* Build configuration list for PBXNativeTarget "JSON_api" */ = {
			isa = XCConfigurationList;
			buildConfigurations = (
				036A03481AB0E0BC001C0468 /* Debug */,
				036A03491AB0E0BC001C0468 /* Release */,
			);
			defaultConfigurationIsVisible = 0;
			defaultConfigurationName = Release;
		};
		036A034A1AB0E0BC001C0468 /* Build configuration list for PBXNativeTarget "JSON_apiTests" */ = {
			isa = XCConfigurationList;
			buildConfigurations = (
				036A034B1AB0E0BC001C0468 /* Debug */,
				036A034C1AB0E0BC001C0468 /* Release */,
			);
			defaultConfigurationIsVisible = 0;
			defaultConfigurationName = Release;
		};
/* End XCConfigurationList section */
	};
	rootObject = 036A03201AB0E0BC001C0468 /* Project object */;
}
